// !$*UTF8*$!
{
	archiveVersion = 1;
	classes = {
	};
	objectVersion = 48;
	objects = {

/* Begin PBXBuildFile section */
		644ACFB01F91E424003C5B97 /* YelpClient.swift in Sources */ = {isa = PBXBuildFile; fileRef = E4A04C231F8DDC8D00E03A19 /* YelpClient.swift */; };
		644ACFB11F91E435003C5B97 /* YelpPlace.swift in Sources */ = {isa = PBXBuildFile; fileRef = 64BB8F601F91D1BE00743DDA /* YelpPlace.swift */; };
		647D6F641F92ABE800DCE0D9 /* PlaceSwipeableView.xib in Resources */ = {isa = PBXBuildFile; fileRef = 647D6F631F92ABE800DCE0D9 /* PlaceSwipeableView.xib */; };
		64920D281F92B26900A96D25 /* PlaceSwipeableView.swift in Sources */ = {isa = PBXBuildFile; fileRef = 64920D271F92B26900A96D25 /* PlaceSwipeableView.swift */; };
		64920D2A1F92B41E00A96D25 /* PlaceViewController.swift in Sources */ = {isa = PBXBuildFile; fileRef = 64920D291F92B41E00A96D25 /* PlaceViewController.swift */; };
		64920D2E1F92EA9300A96D25 /* Int.swift in Sources */ = {isa = PBXBuildFile; fileRef = 64920D2D1F92EA9300A96D25 /* Int.swift */; };
		64920D301F92EB1E00A96D25 /* FloatingPoint.swift in Sources */ = {isa = PBXBuildFile; fileRef = 64920D2F1F92EB1E00A96D25 /* FloatingPoint.swift */; };
		64920D341F92FFB100A96D25 /* BaseTransition.swift in Sources */ = {isa = PBXBuildFile; fileRef = 64920D311F92F6EB00A96D25 /* BaseTransition.swift */; };
		64920D351F92FFB400A96D25 /* FadeTransition.swift in Sources */ = {isa = PBXBuildFile; fileRef = 64920D321F92F6F200A96D25 /* FadeTransition.swift */; };
		64AD1A6C1F99CB6D00713A3B /* String.swift in Sources */ = {isa = PBXBuildFile; fileRef = 64AD1A6B1F99CB6D00713A3B /* String.swift */; };
		64AD1A6E1F99DD3700713A3B /* InterestSelection.storyboard in Resources */ = {isa = PBXBuildFile; fileRef = 64AD1A6D1F99DD3700713A3B /* InterestSelection.storyboard */; };
		64AD1A701F99DE4600713A3B /* InterestSelectionViewController.swift in Sources */ = {isa = PBXBuildFile; fileRef = 64AD1A6F1F99DE4600713A3B /* InterestSelectionViewController.swift */; };
		64AD1A721F99DEEE00713A3B /* InterestSelectionCell.swift in Sources */ = {isa = PBXBuildFile; fileRef = 64AD1A711F99DEEE00713A3B /* InterestSelectionCell.swift */; };
		64AD1A7A1F99EC3D00713A3B /* Category.swift in Sources */ = {isa = PBXBuildFile; fileRef = 64AD1A791F99EC3D00713A3B /* Category.swift */; };
		64BB8F581F91C23B00743DDA /* PlaceDetailViewController.storyboard in Resources */ = {isa = PBXBuildFile; fileRef = 64BB8F571F91C23B00743DDA /* PlaceDetailViewController.storyboard */; };
		64BB8F5B1F91CF4A00743DDA /* PlaceDetailViewController.swift in Sources */ = {isa = PBXBuildFile; fileRef = 64BB8F5A1F91CF4A00743DDA /* PlaceDetailViewController.swift */; };
		64BB8F631F91D1DD00743DDA /* FoursquarePlace.swift in Sources */ = {isa = PBXBuildFile; fileRef = 64BB8F621F91D1DD00743DDA /* FoursquarePlace.swift */; };
		64BB8F661F91D9B200743DDA /* Place.swift in Sources */ = {isa = PBXBuildFile; fileRef = 64BB8F651F91D9B200743DDA /* Place.swift */; };
		64CA810E1F9D5F5000909603 /* MapView.swift in Sources */ = {isa = PBXBuildFile; fileRef = 64CA810D1F9D5F5000909603 /* MapView.swift */; };
		64CA81101F9D607400909603 /* MapView.xib in Resources */ = {isa = PBXBuildFile; fileRef = 64CA810F1F9D607400909603 /* MapView.xib */; };
		64CA81141F9D7F4D00909603 /* ItineraryMapViewController.swift in Sources */ = {isa = PBXBuildFile; fileRef = 64CA81131F9D7F4D00909603 /* ItineraryMapViewController.swift */; };
		64CA81161F9D7FDE00909603 /* ItineraryMap.storyboard in Resources */ = {isa = PBXBuildFile; fileRef = 64CA81151F9D7FDE00909603 /* ItineraryMap.storyboard */; };
		64CA913F1F9475B60029C267 /* Signup.storyboard in Resources */ = {isa = PBXBuildFile; fileRef = 64CA913E1F9475B60029C267 /* Signup.storyboard */; };
		64CA91411F9475DB0029C267 /* SignupViewController.swift in Sources */ = {isa = PBXBuildFile; fileRef = 64CA91401F9475DB0029C267 /* SignupViewController.swift */; };
		64CA91431F9482A10029C267 /* PreferencesViewController.swift in Sources */ = {isa = PBXBuildFile; fileRef = 64CA91421F9482A10029C267 /* PreferencesViewController.swift */; };
		64D8F85E1F929B780099F1F8 /* PlaceSwiping.storyboard in Resources */ = {isa = PBXBuildFile; fileRef = 64D8F85D1F929B780099F1F8 /* PlaceSwiping.storyboard */; };
		64EB2C631F9347E300BF7A33 /* PlaceSwipeableSuperView.swift in Sources */ = {isa = PBXBuildFile; fileRef = 64EB2C621F9347E300BF7A33 /* PlaceSwipeableSuperView.swift */; };
		784411C78D77B32379540EA6 /* Pods_MoveAround.framework in Frameworks */ = {isa = PBXBuildFile; fileRef = DDDE1E4D13D22514E4E0F8BD /* Pods_MoveAround.framework */; };
		9206FF741FA2AE0D006F5DC0 /* login.mp4 in Resources */ = {isa = PBXBuildFile; fileRef = 9206FF731FA2AE0D006F5DC0 /* login.mp4 */; };
		923167801FA2E2D4006BE2CD /* Category.swift in Sources */ = {isa = PBXBuildFile; fileRef = 64AD1A791F99EC3D00713A3B /* Category.swift */; };
		923167811FA2E2E8006BE2CD /* YelpClient.swift in Sources */ = {isa = PBXBuildFile; fileRef = E4A04C231F8DDC8D00E03A19 /* YelpClient.swift */; };
		923167821FA2E327006BE2CD /* InterestSelectionCell.swift in Sources */ = {isa = PBXBuildFile; fileRef = 64AD1A711F99DEEE00713A3B /* InterestSelectionCell.swift */; };
		9231678E1FA3D915006BE2CD /* RItinerary.swift in Sources */ = {isa = PBXBuildFile; fileRef = 923D86F71FA2DF45003DD46B /* RItinerary.swift */; };
		923167901FA3D915006BE2CD /* RCategory.swift in Sources */ = {isa = PBXBuildFile; fileRef = 923167831FA39B35006BE2CD /* RCategory.swift */; };
		923167911FA3D915006BE2CD /* RPlace.swift in Sources */ = {isa = PBXBuildFile; fileRef = 9231678C1FA3A524006BE2CD /* RPlace.swift */; };
		923167921FA3D91B006BE2CD /* RItineraryTests.swift in Sources */ = {isa = PBXBuildFile; fileRef = 923D86F91FA2DF5C003DD46B /* RItineraryTests.swift */; };
		923D86F61FA2CD2D003DD46B /* MARealm.swift in Sources */ = {isa = PBXBuildFile; fileRef = 923D86F51FA2CD2D003DD46B /* MARealm.swift */; };
		923D87021FA2DF91003DD46B /* MoveAroundTests.swift in Sources */ = {isa = PBXBuildFile; fileRef = 923D87011FA2DF91003DD46B /* MoveAroundTests.swift */; };
		92D466651F92C5F600ED2EAA /* Login.storyboard in Resources */ = {isa = PBXBuildFile; fileRef = 92D466641F92C5F600ED2EAA /* Login.storyboard */; };
		C553E1EF1593F12A22C7FA57 /* Pods_MoveAroundTests.framework in Frameworks */ = {isa = PBXBuildFile; fileRef = 5318D6741D0C817E156C1EE5 /* Pods_MoveAroundTests.framework */; };
		E44C11371F9FB691000E1686 /* UIImageView.swift in Sources */ = {isa = PBXBuildFile; fileRef = E44C11361F9FB691000E1686 /* UIImageView.swift */; };
		E494181E1F98886B00B5E8F1 /* Itinerary.storyboard in Resources */ = {isa = PBXBuildFile; fileRef = E494181C1F98879700B5E8F1 /* Itinerary.storyboard */; };
		E494181F1F98887400B5E8F1 /* PlacesCollectionViewCell.swift in Sources */ = {isa = PBXBuildFile; fileRef = E494181B1F98876B00B5E8F1 /* PlacesCollectionViewCell.swift */; };
		E49418201F98887700B5E8F1 /* PlacesListViewController.swift in Sources */ = {isa = PBXBuildFile; fileRef = E494181A1F98876B00B5E8F1 /* PlacesListViewController.swift */; };
		E49418221F988D9200B5E8F1 /* InfiniteScrollActivityView.swift in Sources */ = {isa = PBXBuildFile; fileRef = E49418211F988D9200B5E8F1 /* InfiniteScrollActivityView.swift */; };
		E49418241F99AAE500B5E8F1 /* ItineraryTableViewCell.swift in Sources */ = {isa = PBXBuildFile; fileRef = E49418231F99AAE500B5E8F1 /* ItineraryTableViewCell.swift */; };
		E49418281F99C57000B5E8F1 /* ItineraryViewController.swift in Sources */ = {isa = PBXBuildFile; fileRef = E49418271F99C57000B5E8F1 /* ItineraryViewController.swift */; };
		E494182D1F9D1C8C00B5E8F1 /* ViewCategory.swift in Sources */ = {isa = PBXBuildFile; fileRef = E49418291F9D1C8C00B5E8F1 /* ViewCategory.swift */; };
		E494182E1F9D1C8C00B5E8F1 /* User.swift in Sources */ = {isa = PBXBuildFile; fileRef = E494182A1F9D1C8C00B5E8F1 /* User.swift */; };
		E494182F1F9D1C8C00B5E8F1 /* Itinerary.swift in Sources */ = {isa = PBXBuildFile; fileRef = E494182B1F9D1C8C00B5E8F1 /* Itinerary.swift */; };
		E49418301F9D1C8C00B5E8F1 /* CategoryItem.swift in Sources */ = {isa = PBXBuildFile; fileRef = E494182C1F9D1C8C00B5E8F1 /* CategoryItem.swift */; };
		E49418321F9DBF5600B5E8F1 /* GoogleDirectionMatrixClient.swift in Sources */ = {isa = PBXBuildFile; fileRef = E49418311F9DBF5600B5E8F1 /* GoogleDirectionMatrixClient.swift */; };
		E4A04C111F8DDB0900E03A19 /* AppDelegate.swift in Sources */ = {isa = PBXBuildFile; fileRef = E4A04C101F8DDB0900E03A19 /* AppDelegate.swift */; };
		E4A04C131F8DDB0900E03A19 /* LoginViewController.swift in Sources */ = {isa = PBXBuildFile; fileRef = E4A04C121F8DDB0900E03A19 /* LoginViewController.swift */; };
		E4A04C181F8DDB0A00E03A19 /* Assets.xcassets in Resources */ = {isa = PBXBuildFile; fileRef = E4A04C171F8DDB0A00E03A19 /* Assets.xcassets */; };
		E4A04C1B1F8DDB0A00E03A19 /* LaunchScreen.storyboard in Resources */ = {isa = PBXBuildFile; fileRef = E4A04C191F8DDB0A00E03A19 /* LaunchScreen.storyboard */; };
/* End PBXBuildFile section */

/* Begin PBXContainerItemProxy section */
		923D87041FA2DF91003DD46B /* PBXContainerItemProxy */ = {
			isa = PBXContainerItemProxy;
			containerPortal = E4A04C051F8DDB0900E03A19 /* Project object */;
			proxyType = 1;
			remoteGlobalIDString = E4A04C0C1F8DDB0900E03A19;
			remoteInfo = MoveAround;
		};
/* End PBXContainerItemProxy section */

/* Begin PBXFileReference section */
		0705ECB261E0D01932CF31E7 /* Pods-MoveAround.debug.xcconfig */ = {isa = PBXFileReference; includeInIndex = 1; lastKnownFileType = text.xcconfig; name = "Pods-MoveAround.debug.xcconfig"; path = "Pods/Target Support Files/Pods-MoveAround/Pods-MoveAround.debug.xcconfig"; sourceTree = "<group>"; };
		103AFCD8D120934DCF5B010F /* Pods-MoveAroundTests.release.xcconfig */ = {isa = PBXFileReference; includeInIndex = 1; lastKnownFileType = text.xcconfig; name = "Pods-MoveAroundTests.release.xcconfig"; path = "Pods/Target Support Files/Pods-MoveAroundTests/Pods-MoveAroundTests.release.xcconfig"; sourceTree = "<group>"; };
		47EE1E0B97EB6842CA944C16 /* Pods-MoveAroundTests.debug.xcconfig */ = {isa = PBXFileReference; includeInIndex = 1; lastKnownFileType = text.xcconfig; name = "Pods-MoveAroundTests.debug.xcconfig"; path = "Pods/Target Support Files/Pods-MoveAroundTests/Pods-MoveAroundTests.debug.xcconfig"; sourceTree = "<group>"; };
		5318D6741D0C817E156C1EE5 /* Pods_MoveAroundTests.framework */ = {isa = PBXFileReference; explicitFileType = wrapper.framework; includeInIndex = 0; path = Pods_MoveAroundTests.framework; sourceTree = BUILT_PRODUCTS_DIR; };
		647D6F631F92ABE800DCE0D9 /* PlaceSwipeableView.xib */ = {isa = PBXFileReference; lastKnownFileType = file.xib; path = PlaceSwipeableView.xib; sourceTree = "<group>"; };
		64920D271F92B26900A96D25 /* PlaceSwipeableView.swift */ = {isa = PBXFileReference; lastKnownFileType = sourcecode.swift; path = PlaceSwipeableView.swift; sourceTree = "<group>"; };
		64920D291F92B41E00A96D25 /* PlaceViewController.swift */ = {isa = PBXFileReference; lastKnownFileType = sourcecode.swift; path = PlaceViewController.swift; sourceTree = "<group>"; };
		64920D2D1F92EA9300A96D25 /* Int.swift */ = {isa = PBXFileReference; lastKnownFileType = sourcecode.swift; path = Int.swift; sourceTree = "<group>"; };
		64920D2F1F92EB1E00A96D25 /* FloatingPoint.swift */ = {isa = PBXFileReference; lastKnownFileType = sourcecode.swift; path = FloatingPoint.swift; sourceTree = "<group>"; };
		64920D311F92F6EB00A96D25 /* BaseTransition.swift */ = {isa = PBXFileReference; lastKnownFileType = sourcecode.swift; path = BaseTransition.swift; sourceTree = "<group>"; };
		64920D321F92F6F200A96D25 /* FadeTransition.swift */ = {isa = PBXFileReference; lastKnownFileType = sourcecode.swift; path = FadeTransition.swift; sourceTree = "<group>"; };
		64AD1A6B1F99CB6D00713A3B /* String.swift */ = {isa = PBXFileReference; lastKnownFileType = sourcecode.swift; path = String.swift; sourceTree = "<group>"; };
		64AD1A6D1F99DD3700713A3B /* InterestSelection.storyboard */ = {isa = PBXFileReference; lastKnownFileType = file.storyboard; path = InterestSelection.storyboard; sourceTree = "<group>"; };
		64AD1A6F1F99DE4600713A3B /* InterestSelectionViewController.swift */ = {isa = PBXFileReference; lastKnownFileType = sourcecode.swift; path = InterestSelectionViewController.swift; sourceTree = "<group>"; };
		64AD1A711F99DEEE00713A3B /* InterestSelectionCell.swift */ = {isa = PBXFileReference; lastKnownFileType = sourcecode.swift; path = InterestSelectionCell.swift; sourceTree = "<group>"; };
		64AD1A791F99EC3D00713A3B /* Category.swift */ = {isa = PBXFileReference; lastKnownFileType = sourcecode.swift; path = Category.swift; sourceTree = "<group>"; };
		64BB8F571F91C23B00743DDA /* PlaceDetailViewController.storyboard */ = {isa = PBXFileReference; lastKnownFileType = file.storyboard; path = PlaceDetailViewController.storyboard; sourceTree = "<group>"; };
		64BB8F5A1F91CF4A00743DDA /* PlaceDetailViewController.swift */ = {isa = PBXFileReference; lastKnownFileType = sourcecode.swift; path = PlaceDetailViewController.swift; sourceTree = "<group>"; };
		64BB8F601F91D1BE00743DDA /* YelpPlace.swift */ = {isa = PBXFileReference; lastKnownFileType = sourcecode.swift; name = YelpPlace.swift; path = MoveAround/Models/YelpPlace.swift; sourceTree = SOURCE_ROOT; };
		64BB8F621F91D1DD00743DDA /* FoursquarePlace.swift */ = {isa = PBXFileReference; lastKnownFileType = sourcecode.swift; name = FoursquarePlace.swift; path = MoveAround/Models/FoursquarePlace.swift; sourceTree = SOURCE_ROOT; };
		64BB8F651F91D9B200743DDA /* Place.swift */ = {isa = PBXFileReference; lastKnownFileType = sourcecode.swift; name = Place.swift; path = MoveAround/Models/Place.swift; sourceTree = SOURCE_ROOT; };
		64CA810D1F9D5F5000909603 /* MapView.swift */ = {isa = PBXFileReference; lastKnownFileType = sourcecode.swift; path = MapView.swift; sourceTree = "<group>"; };
		64CA810F1F9D607400909603 /* MapView.xib */ = {isa = PBXFileReference; lastKnownFileType = file.xib; path = MapView.xib; sourceTree = "<group>"; };
		64CA81131F9D7F4D00909603 /* ItineraryMapViewController.swift */ = {isa = PBXFileReference; lastKnownFileType = sourcecode.swift; path = ItineraryMapViewController.swift; sourceTree = "<group>"; };
		64CA81151F9D7FDE00909603 /* ItineraryMap.storyboard */ = {isa = PBXFileReference; lastKnownFileType = file.storyboard; path = ItineraryMap.storyboard; sourceTree = "<group>"; };
		64CA913E1F9475B60029C267 /* Signup.storyboard */ = {isa = PBXFileReference; lastKnownFileType = file.storyboard; path = Signup.storyboard; sourceTree = "<group>"; };
		64CA91401F9475DB0029C267 /* SignupViewController.swift */ = {isa = PBXFileReference; lastKnownFileType = sourcecode.swift; path = SignupViewController.swift; sourceTree = "<group>"; };
		64CA91421F9482A10029C267 /* PreferencesViewController.swift */ = {isa = PBXFileReference; lastKnownFileType = sourcecode.swift; path = PreferencesViewController.swift; sourceTree = "<group>"; };
		64D8F85D1F929B780099F1F8 /* PlaceSwiping.storyboard */ = {isa = PBXFileReference; lastKnownFileType = file.storyboard; path = PlaceSwiping.storyboard; sourceTree = "<group>"; };
		64EB2C621F9347E300BF7A33 /* PlaceSwipeableSuperView.swift */ = {isa = PBXFileReference; lastKnownFileType = sourcecode.swift; path = PlaceSwipeableSuperView.swift; sourceTree = "<group>"; };
		9206FF731FA2AE0D006F5DC0 /* login.mp4 */ = {isa = PBXFileReference; lastKnownFileType = file; path = login.mp4; sourceTree = "<group>"; };
		923167831FA39B35006BE2CD /* RCategory.swift */ = {isa = PBXFileReference; lastKnownFileType = sourcecode.swift; path = RCategory.swift; sourceTree = "<group>"; };
		9231678C1FA3A524006BE2CD /* RPlace.swift */ = {isa = PBXFileReference; lastKnownFileType = sourcecode.swift; path = RPlace.swift; sourceTree = "<group>"; };
		923D86F51FA2CD2D003DD46B /* MARealm.swift */ = {isa = PBXFileReference; lastKnownFileType = sourcecode.swift; path = MARealm.swift; sourceTree = "<group>"; };
		923D86F71FA2DF45003DD46B /* RItinerary.swift */ = {isa = PBXFileReference; lastKnownFileType = sourcecode.swift; path = RItinerary.swift; sourceTree = "<group>"; };
		923D86F91FA2DF5C003DD46B /* RItineraryTests.swift */ = {isa = PBXFileReference; lastKnownFileType = sourcecode.swift; path = RItineraryTests.swift; sourceTree = "<group>"; };
		923D86FF1FA2DF91003DD46B /* MoveAroundTests.xctest */ = {isa = PBXFileReference; explicitFileType = wrapper.cfbundle; includeInIndex = 0; path = MoveAroundTests.xctest; sourceTree = BUILT_PRODUCTS_DIR; };
		923D87011FA2DF91003DD46B /* MoveAroundTests.swift */ = {isa = PBXFileReference; lastKnownFileType = sourcecode.swift; path = MoveAroundTests.swift; sourceTree = "<group>"; };
		923D87031FA2DF91003DD46B /* Info.plist */ = {isa = PBXFileReference; lastKnownFileType = text.plist.xml; path = Info.plist; sourceTree = "<group>"; };
		92D466641F92C5F600ED2EAA /* Login.storyboard */ = {isa = PBXFileReference; lastKnownFileType = file.storyboard; path = Login.storyboard; sourceTree = "<group>"; };
		9EED0E77467F7BEFE61E20D5 /* Pods-MoveAround.release.xcconfig */ = {isa = PBXFileReference; includeInIndex = 1; lastKnownFileType = text.xcconfig; name = "Pods-MoveAround.release.xcconfig"; path = "Pods/Target Support Files/Pods-MoveAround/Pods-MoveAround.release.xcconfig"; sourceTree = "<group>"; };
		DDDE1E4D13D22514E4E0F8BD /* Pods_MoveAround.framework */ = {isa = PBXFileReference; explicitFileType = wrapper.framework; includeInIndex = 0; path = Pods_MoveAround.framework; sourceTree = BUILT_PRODUCTS_DIR; };
		E44C11361F9FB691000E1686 /* UIImageView.swift */ = {isa = PBXFileReference; lastKnownFileType = sourcecode.swift; path = UIImageView.swift; sourceTree = "<group>"; };
		E494181A1F98876B00B5E8F1 /* PlacesListViewController.swift */ = {isa = PBXFileReference; lastKnownFileType = sourcecode.swift; path = PlacesListViewController.swift; sourceTree = "<group>"; };
		E494181B1F98876B00B5E8F1 /* PlacesCollectionViewCell.swift */ = {isa = PBXFileReference; lastKnownFileType = sourcecode.swift; path = PlacesCollectionViewCell.swift; sourceTree = "<group>"; };
		E494181D1F98879700B5E8F1 /* Base */ = {isa = PBXFileReference; lastKnownFileType = file.storyboard; name = Base; path = Base.lproj/Itinerary.storyboard; sourceTree = "<group>"; };
		E49418211F988D9200B5E8F1 /* InfiniteScrollActivityView.swift */ = {isa = PBXFileReference; lastKnownFileType = sourcecode.swift; path = InfiniteScrollActivityView.swift; sourceTree = "<group>"; };
		E49418231F99AAE500B5E8F1 /* ItineraryTableViewCell.swift */ = {isa = PBXFileReference; lastKnownFileType = sourcecode.swift; path = ItineraryTableViewCell.swift; sourceTree = "<group>"; };
		E49418271F99C57000B5E8F1 /* ItineraryViewController.swift */ = {isa = PBXFileReference; lastKnownFileType = sourcecode.swift; path = ItineraryViewController.swift; sourceTree = "<group>"; };
		E49418291F9D1C8C00B5E8F1 /* ViewCategory.swift */ = {isa = PBXFileReference; lastKnownFileType = sourcecode.swift; name = ViewCategory.swift; path = MoveAround/Models/ViewCategory.swift; sourceTree = SOURCE_ROOT; };
		E494182A1F9D1C8C00B5E8F1 /* User.swift */ = {isa = PBXFileReference; lastKnownFileType = sourcecode.swift; name = User.swift; path = MoveAround/Models/User.swift; sourceTree = SOURCE_ROOT; };
		E494182B1F9D1C8C00B5E8F1 /* Itinerary.swift */ = {isa = PBXFileReference; lastKnownFileType = sourcecode.swift; name = Itinerary.swift; path = MoveAround/Models/Itinerary.swift; sourceTree = SOURCE_ROOT; };
		E494182C1F9D1C8C00B5E8F1 /* CategoryItem.swift */ = {isa = PBXFileReference; lastKnownFileType = sourcecode.swift; name = CategoryItem.swift; path = MoveAround/Models/CategoryItem.swift; sourceTree = SOURCE_ROOT; };
		E49418311F9DBF5600B5E8F1 /* GoogleDirectionMatrixClient.swift */ = {isa = PBXFileReference; lastKnownFileType = sourcecode.swift; path = GoogleDirectionMatrixClient.swift; sourceTree = "<group>"; };
		E4A04C0D1F8DDB0900E03A19 /* MoveAround.app */ = {isa = PBXFileReference; explicitFileType = wrapper.application; includeInIndex = 0; path = MoveAround.app; sourceTree = BUILT_PRODUCTS_DIR; };
		E4A04C101F8DDB0900E03A19 /* AppDelegate.swift */ = {isa = PBXFileReference; lastKnownFileType = sourcecode.swift; path = AppDelegate.swift; sourceTree = "<group>"; };
		E4A04C121F8DDB0900E03A19 /* LoginViewController.swift */ = {isa = PBXFileReference; lastKnownFileType = sourcecode.swift; path = LoginViewController.swift; sourceTree = "<group>"; };
		E4A04C171F8DDB0A00E03A19 /* Assets.xcassets */ = {isa = PBXFileReference; lastKnownFileType = folder.assetcatalog; path = Assets.xcassets; sourceTree = "<group>"; };
		E4A04C1A1F8DDB0A00E03A19 /* Base */ = {isa = PBXFileReference; lastKnownFileType = file.storyboard; name = Base; path = Base.lproj/LaunchScreen.storyboard; sourceTree = "<group>"; };
		E4A04C1C1F8DDB0A00E03A19 /* Info.plist */ = {isa = PBXFileReference; lastKnownFileType = text.plist.xml; path = Info.plist; sourceTree = "<group>"; };
		E4A04C231F8DDC8D00E03A19 /* YelpClient.swift */ = {isa = PBXFileReference; lastKnownFileType = sourcecode.swift; path = YelpClient.swift; sourceTree = "<group>"; };
/* End PBXFileReference section */

/* Begin PBXFrameworksBuildPhase section */
		923D86FC1FA2DF91003DD46B /* Frameworks */ = {
			isa = PBXFrameworksBuildPhase;
			buildActionMask = 2147483647;
			files = (
				C553E1EF1593F12A22C7FA57 /* Pods_MoveAroundTests.framework in Frameworks */,
			);
			runOnlyForDeploymentPostprocessing = 0;
		};
		E4A04C0A1F8DDB0900E03A19 /* Frameworks */ = {
			isa = PBXFrameworksBuildPhase;
			buildActionMask = 2147483647;
			files = (
				784411C78D77B32379540EA6 /* Pods_MoveAround.framework in Frameworks */,
			);
			runOnlyForDeploymentPostprocessing = 0;
		};
/* End PBXFrameworksBuildPhase section */

/* Begin PBXGroup section */
		644ACFAF1F91E352003C5B97 /* API */ = {
			isa = PBXGroup;
			children = (
				E4A04C231F8DDC8D00E03A19 /* YelpClient.swift */,
				E49418311F9DBF5600B5E8F1 /* GoogleDirectionMatrixClient.swift */,
			);
			path = API;
			sourceTree = "<group>";
		};
		64920D2C1F92EA4800A96D25 /* Extensions */ = {
			isa = PBXGroup;
			children = (
				64920D2D1F92EA9300A96D25 /* Int.swift */,
				64920D2F1F92EB1E00A96D25 /* FloatingPoint.swift */,
				64AD1A6B1F99CB6D00713A3B /* String.swift */,
				E44C11361F9FB691000E1686 /* UIImageView.swift */,
			);
			path = Extensions;
			sourceTree = "<group>";
		};
		64AD1A751F99EBAA00713A3B /* InterestSelection */ = {
			isa = PBXGroup;
			children = (
				64AD1A6D1F99DD3700713A3B /* InterestSelection.storyboard */,
				64AD1A6F1F99DE4600713A3B /* InterestSelectionViewController.swift */,
				64AD1A711F99DEEE00713A3B /* InterestSelectionCell.swift */,
			);
			path = InterestSelection;
			sourceTree = "<group>";
		};
		64AD1A781F99EBF600713A3B /* Structs */ = {
			isa = PBXGroup;
			children = (
				64AD1A791F99EC3D00713A3B /* Category.swift */,
			);
			path = Structs;
			sourceTree = "<group>";
		};
		64BB8F641F91D2E800743DDA /* Details */ = {
			isa = PBXGroup;
			children = (
				64BB8F5A1F91CF4A00743DDA /* PlaceDetailViewController.swift */,
				64BB8F571F91C23B00743DDA /* PlaceDetailViewController.storyboard */,
			);
			path = Details;
			sourceTree = "<group>";
		};
		64CA810A1F9D5B8A00909603 /* Map */ = {
			isa = PBXGroup;
			children = (
				64CA810D1F9D5F5000909603 /* MapView.swift */,
				64CA810F1F9D607400909603 /* MapView.xib */,
				64CA81131F9D7F4D00909603 /* ItineraryMapViewController.swift */,
				64CA81151F9D7FDE00909603 /* ItineraryMap.storyboard */,
			);
			path = Map;
			sourceTree = "<group>";
		};
		64CA913D1F94759D0029C267 /* Signup */ = {
			isa = PBXGroup;
			children = (
				64CA913E1F9475B60029C267 /* Signup.storyboard */,
				64CA91401F9475DB0029C267 /* SignupViewController.swift */,
				64CA91421F9482A10029C267 /* PreferencesViewController.swift */,
			);
			path = Signup;
			sourceTree = "<group>";
		};
		64CA91481F94855E0029C267 /* Itinerary */ = {
			isa = PBXGroup;
			children = (
				E49418261F99C52700B5E8F1 /* Views */,
				E49418251F99C50F00B5E8F1 /* ViewControllers */,
				E494181C1F98879700B5E8F1 /* Itinerary.storyboard */,
			);
			path = Itinerary;
			sourceTree = "<group>";
		};
		64D8F85C1F929B460099F1F8 /* PlaceSwiping */ = {
			isa = PBXGroup;
			children = (
				64D8F85D1F929B780099F1F8 /* PlaceSwiping.storyboard */,
				647D6F631F92ABE800DCE0D9 /* PlaceSwipeableView.xib */,
				64920D271F92B26900A96D25 /* PlaceSwipeableView.swift */,
				64920D291F92B41E00A96D25 /* PlaceViewController.swift */,
				64EB2C621F9347E300BF7A33 /* PlaceSwipeableSuperView.swift */,
			);
			path = PlaceSwiping;
			sourceTree = "<group>";
		};
		64D8F85F1F929DE40099F1F8 /* Transitions */ = {
			isa = PBXGroup;
			children = (
				64920D311F92F6EB00A96D25 /* BaseTransition.swift */,
				64920D321F92F6F200A96D25 /* FadeTransition.swift */,
			);
			path = Transitions;
			sourceTree = "<group>";
		};
		923D87001FA2DF91003DD46B /* MoveAroundTests */ = {
			isa = PBXGroup;
			children = (
				923D87011FA2DF91003DD46B /* MoveAroundTests.swift */,
				923D87031FA2DF91003DD46B /* Info.plist */,
			);
			path = MoveAroundTests;
			sourceTree = "<group>";
		};
		984D4700F8D09C44F5B23EE3 /* Pods */ = {
			isa = PBXGroup;
			children = (
				0705ECB261E0D01932CF31E7 /* Pods-MoveAround.debug.xcconfig */,
				9EED0E77467F7BEFE61E20D5 /* Pods-MoveAround.release.xcconfig */,
				47EE1E0B97EB6842CA944C16 /* Pods-MoveAroundTests.debug.xcconfig */,
				103AFCD8D120934DCF5B010F /* Pods-MoveAroundTests.release.xcconfig */,
			);
			name = Pods;
			sourceTree = "<group>";
		};
		E49418251F99C50F00B5E8F1 /* ViewControllers */ = {
			isa = PBXGroup;
			children = (
				E494181A1F98876B00B5E8F1 /* PlacesListViewController.swift */,
				E49418271F99C57000B5E8F1 /* ItineraryViewController.swift */,
			);
			path = ViewControllers;
			sourceTree = "<group>";
		};
		E49418261F99C52700B5E8F1 /* Views */ = {
			isa = PBXGroup;
			children = (
				E49418211F988D9200B5E8F1 /* InfiniteScrollActivityView.swift */,
				E49418231F99AAE500B5E8F1 /* ItineraryTableViewCell.swift */,
				E494181B1F98876B00B5E8F1 /* PlacesCollectionViewCell.swift */,
			);
			path = Views;
			sourceTree = "<group>";
		};
		E4A04C041F8DDB0900E03A19 = {
			isa = PBXGroup;
			children = (
				E4A04C0F1F8DDB0900E03A19 /* MoveAround */,
				923D87001FA2DF91003DD46B /* MoveAroundTests */,
				E4A04C0E1F8DDB0900E03A19 /* Products */,
				984D4700F8D09C44F5B23EE3 /* Pods */,
				F4D67A7342BE48E42D90CC2D /* Frameworks */,
			);
			sourceTree = "<group>";
		};
		E4A04C0E1F8DDB0900E03A19 /* Products */ = {
			isa = PBXGroup;
			children = (
				E4A04C0D1F8DDB0900E03A19 /* MoveAround.app */,
				923D86FF1FA2DF91003DD46B /* MoveAroundTests.xctest */,
			);
			name = Products;
			sourceTree = "<group>";
		};
		E4A04C0F1F8DDB0900E03A19 /* MoveAround */ = {
			isa = PBXGroup;
			children = (
				64CA810A1F9D5B8A00909603 /* Map */,
				64AD1A781F99EBF600713A3B /* Structs */,
				64AD1A751F99EBAA00713A3B /* InterestSelection */,
				64CA91481F94855E0029C267 /* Itinerary */,
				64CA913D1F94759D0029C267 /* Signup */,
				644ACFAF1F91E352003C5B97 /* API */,
				64920D2C1F92EA4800A96D25 /* Extensions */,
				64BB8F641F91D2E800743DDA /* Details */,
				64D8F85C1F929B460099F1F8 /* PlaceSwiping */,
				E4A04C241F8DDD2200E03A19 /* Models */,
				64D8F85F1F929DE40099F1F8 /* Transitions */,
				E4A04C101F8DDB0900E03A19 /* AppDelegate.swift */,
				E4A04C121F8DDB0900E03A19 /* LoginViewController.swift */,
				92D466641F92C5F600ED2EAA /* Login.storyboard */,
				9206FF731FA2AE0D006F5DC0 /* login.mp4 */,
				E4A04C171F8DDB0A00E03A19 /* Assets.xcassets */,
				E4A04C191F8DDB0A00E03A19 /* LaunchScreen.storyboard */,
				E4A04C1C1F8DDB0A00E03A19 /* Info.plist */,
			);
			path = MoveAround;
			sourceTree = "<group>";
		};
		E4A04C241F8DDD2200E03A19 /* Models */ = {
			isa = PBXGroup;
			children = (
				64BB8F601F91D1BE00743DDA /* YelpPlace.swift */,
				64BB8F621F91D1DD00743DDA /* FoursquarePlace.swift */,
				64BB8F651F91D9B200743DDA /* Place.swift */,
				E494182C1F9D1C8C00B5E8F1 /* CategoryItem.swift */,
				E494182B1F9D1C8C00B5E8F1 /* Itinerary.swift */,
				E494182A1F9D1C8C00B5E8F1 /* User.swift */,
				E49418291F9D1C8C00B5E8F1 /* ViewCategory.swift */,
				923D86F51FA2CD2D003DD46B /* MARealm.swift */,
				923D86F71FA2DF45003DD46B /* RItinerary.swift */,
				923D86F91FA2DF5C003DD46B /* RItineraryTests.swift */,
				923167831FA39B35006BE2CD /* RCategory.swift */,
				9231678C1FA3A524006BE2CD /* RPlace.swift */,
			);
			path = Models;
			sourceTree = "<group>";
		};
		F4D67A7342BE48E42D90CC2D /* Frameworks */ = {
			isa = PBXGroup;
			children = (
				DDDE1E4D13D22514E4E0F8BD /* Pods_MoveAround.framework */,
				5318D6741D0C817E156C1EE5 /* Pods_MoveAroundTests.framework */,
			);
			name = Frameworks;
			sourceTree = "<group>";
		};
/* End PBXGroup section */

/* Begin PBXNativeTarget section */
		923D86FE1FA2DF91003DD46B /* MoveAroundTests */ = {
			isa = PBXNativeTarget;
			buildConfigurationList = 923D87061FA2DF91003DD46B /* Build configuration list for PBXNativeTarget "MoveAroundTests" */;
			buildPhases = (
				E6D63601BE7AA11040AB2D52 /* [CP] Check Pods Manifest.lock */,
				923D86FB1FA2DF91003DD46B /* Sources */,
				923D86FC1FA2DF91003DD46B /* Frameworks */,
				923D86FD1FA2DF91003DD46B /* Resources */,
				2EBDFD8E4EE26449FEA771AD /* [CP] Embed Pods Frameworks */,
				4B89C4718DA8ECBCF6F8F0C5 /* [CP] Copy Pods Resources */,
			);
			buildRules = (
			);
			dependencies = (
				923D87051FA2DF91003DD46B /* PBXTargetDependency */,
			);
			name = MoveAroundTests;
			productName = MoveAroundTests;
			productReference = 923D86FF1FA2DF91003DD46B /* MoveAroundTests.xctest */;
			productType = "com.apple.product-type.bundle.unit-test";
		};
		E4A04C0C1F8DDB0900E03A19 /* MoveAround */ = {
			isa = PBXNativeTarget;
			buildConfigurationList = E4A04C1F1F8DDB0A00E03A19 /* Build configuration list for PBXNativeTarget "MoveAround" */;
			buildPhases = (
				F1A715FA9150CBBA98B0664D /* [CP] Check Pods Manifest.lock */,
				E4A04C091F8DDB0900E03A19 /* Sources */,
				E4A04C0A1F8DDB0900E03A19 /* Frameworks */,
				E4A04C0B1F8DDB0900E03A19 /* Resources */,
				6218E0C7780122C71650FC47 /* [CP] Embed Pods Frameworks */,
				8A8AA194A136BF2AA48F8585 /* [CP] Copy Pods Resources */,
			);
			buildRules = (
			);
			dependencies = (
			);
			name = MoveAround;
			productName = MoveAround;
			productReference = E4A04C0D1F8DDB0900E03A19 /* MoveAround.app */;
			productType = "com.apple.product-type.application";
		};
/* End PBXNativeTarget section */

/* Begin PBXProject section */
		E4A04C051F8DDB0900E03A19 /* Project object */ = {
			isa = PBXProject;
			attributes = {
				LastSwiftUpdateCheck = 0900;
				LastUpgradeCheck = 0900;
				ORGANIZATIONNAME = "Mohit Taneja";
				TargetAttributes = {
					923D86FE1FA2DF91003DD46B = {
						CreatedOnToolsVersion = 9.0.1;
						ProvisioningStyle = Automatic;
						TestTargetID = E4A04C0C1F8DDB0900E03A19;
					};
					E4A04C0C1F8DDB0900E03A19 = {
						CreatedOnToolsVersion = 9.0;
						ProvisioningStyle = Automatic;
					};
				};
			};
			buildConfigurationList = E4A04C081F8DDB0900E03A19 /* Build configuration list for PBXProject "MoveAround" */;
			compatibilityVersion = "Xcode 8.0";
			developmentRegion = en;
			hasScannedForEncodings = 0;
			knownRegions = (
				en,
				Base,
			);
			mainGroup = E4A04C041F8DDB0900E03A19;
			productRefGroup = E4A04C0E1F8DDB0900E03A19 /* Products */;
			projectDirPath = "";
			projectRoot = "";
			targets = (
				E4A04C0C1F8DDB0900E03A19 /* MoveAround */,
				923D86FE1FA2DF91003DD46B /* MoveAroundTests */,
			);
		};
/* End PBXProject section */

/* Begin PBXResourcesBuildPhase section */
		923D86FD1FA2DF91003DD46B /* Resources */ = {
			isa = PBXResourcesBuildPhase;
			buildActionMask = 2147483647;
			files = (
			);
			runOnlyForDeploymentPostprocessing = 0;
		};
		E4A04C0B1F8DDB0900E03A19 /* Resources */ = {
			isa = PBXResourcesBuildPhase;
			buildActionMask = 2147483647;
			files = (
				E4A04C1B1F8DDB0A00E03A19 /* LaunchScreen.storyboard in Resources */,
				9206FF741FA2AE0D006F5DC0 /* login.mp4 in Resources */,
				64D8F85E1F929B780099F1F8 /* PlaceSwiping.storyboard in Resources */,
				E494181E1F98886B00B5E8F1 /* Itinerary.storyboard in Resources */,
				E4A04C181F8DDB0A00E03A19 /* Assets.xcassets in Resources */,
				64CA81161F9D7FDE00909603 /* ItineraryMap.storyboard in Resources */,
				92D466651F92C5F600ED2EAA /* Login.storyboard in Resources */,
				64BB8F581F91C23B00743DDA /* PlaceDetailViewController.storyboard in Resources */,
				64CA913F1F9475B60029C267 /* Signup.storyboard in Resources */,
				647D6F641F92ABE800DCE0D9 /* PlaceSwipeableView.xib in Resources */,
				64AD1A6E1F99DD3700713A3B /* InterestSelection.storyboard in Resources */,
				64CA81101F9D607400909603 /* MapView.xib in Resources */,
			);
			runOnlyForDeploymentPostprocessing = 0;
		};
/* End PBXResourcesBuildPhase section */

/* Begin PBXShellScriptBuildPhase section */
		2EBDFD8E4EE26449FEA771AD /* [CP] Embed Pods Frameworks */ = {
			isa = PBXShellScriptBuildPhase;
			buildActionMask = 2147483647;
			files = (
			);
			inputPaths = (
			);
			name = "[CP] Embed Pods Frameworks";
			outputPaths = (
			);
			runOnlyForDeploymentPostprocessing = 0;
			shellPath = /bin/sh;
			shellScript = "\"${SRCROOT}/Pods/Target Support Files/Pods-MoveAroundTests/Pods-MoveAroundTests-frameworks.sh\"\n";
			showEnvVarsInLog = 0;
		};
		4B89C4718DA8ECBCF6F8F0C5 /* [CP] Copy Pods Resources */ = {
			isa = PBXShellScriptBuildPhase;
			buildActionMask = 2147483647;
			files = (
			);
			inputPaths = (
			);
			name = "[CP] Copy Pods Resources";
			outputPaths = (
			);
			runOnlyForDeploymentPostprocessing = 0;
			shellPath = /bin/sh;
			shellScript = "\"${SRCROOT}/Pods/Target Support Files/Pods-MoveAroundTests/Pods-MoveAroundTests-resources.sh\"\n";
			showEnvVarsInLog = 0;
		};
		6218E0C7780122C71650FC47 /* [CP] Embed Pods Frameworks */ = {
			isa = PBXShellScriptBuildPhase;
			buildActionMask = 2147483647;
			files = (
			);
			inputPaths = (
				"${SRCROOT}/Pods/Target Support Files/Pods-MoveAround/Pods-MoveAround-frameworks.sh",
				"${BUILT_PRODUCTS_DIR}/AFNetworking/AFNetworking.framework",
				"${BUILT_PRODUCTS_DIR}/BDBOAuth1Manager/BDBOAuth1Manager.framework",
				"${BUILT_PRODUCTS_DIR}/Bolts/Bolts.framework",
				"${BUILT_PRODUCTS_DIR}/FBSDKCoreKit/FBSDKCoreKit.framework",
				"${BUILT_PRODUCTS_DIR}/FBSDKLoginKit/FBSDKLoginKit.framework",
				"${BUILT_PRODUCTS_DIR}/FBSDKShareKit/FBSDKShareKit.framework",
				"${BUILT_PRODUCTS_DIR}/FacebookCore/FacebookCore.framework",
				"${BUILT_PRODUCTS_DIR}/FacebookLogin/FacebookLogin.framework",
				"${BUILT_PRODUCTS_DIR}/FacebookShare/FacebookShare.framework",
				"${BUILT_PRODUCTS_DIR}/MBProgressHUD/MBProgressHUD.framework",
				"${BUILT_PRODUCTS_DIR}/Parse/Parse.framework",
				"${BUILT_PRODUCTS_DIR}/ParseFacebookUtilsV4/ParseFacebookUtilsV4.framework",
				"${BUILT_PRODUCTS_DIR}/Realm/Realm.framework",
				"${BUILT_PRODUCTS_DIR}/RealmSwift/RealmSwift.framework",
			);
			name = "[CP] Embed Pods Frameworks";
			outputPaths = (
				"${TARGET_BUILD_DIR}/${FRAMEWORKS_FOLDER_PATH}/AFNetworking.framework",
				"${TARGET_BUILD_DIR}/${FRAMEWORKS_FOLDER_PATH}/BDBOAuth1Manager.framework",
				"${TARGET_BUILD_DIR}/${FRAMEWORKS_FOLDER_PATH}/Bolts.framework",
				"${TARGET_BUILD_DIR}/${FRAMEWORKS_FOLDER_PATH}/FBSDKCoreKit.framework",
				"${TARGET_BUILD_DIR}/${FRAMEWORKS_FOLDER_PATH}/FBSDKLoginKit.framework",
				"${TARGET_BUILD_DIR}/${FRAMEWORKS_FOLDER_PATH}/FBSDKShareKit.framework",
				"${TARGET_BUILD_DIR}/${FRAMEWORKS_FOLDER_PATH}/FacebookCore.framework",
				"${TARGET_BUILD_DIR}/${FRAMEWORKS_FOLDER_PATH}/FacebookLogin.framework",
				"${TARGET_BUILD_DIR}/${FRAMEWORKS_FOLDER_PATH}/FacebookShare.framework",
				"${TARGET_BUILD_DIR}/${FRAMEWORKS_FOLDER_PATH}/MBProgressHUD.framework",
				"${TARGET_BUILD_DIR}/${FRAMEWORKS_FOLDER_PATH}/Parse.framework",
				"${TARGET_BUILD_DIR}/${FRAMEWORKS_FOLDER_PATH}/ParseFacebookUtilsV4.framework",
				"${TARGET_BUILD_DIR}/${FRAMEWORKS_FOLDER_PATH}/Realm.framework",
				"${TARGET_BUILD_DIR}/${FRAMEWORKS_FOLDER_PATH}/RealmSwift.framework",
			);
			runOnlyForDeploymentPostprocessing = 0;
			shellPath = /bin/sh;
			shellScript = "\"${SRCROOT}/Pods/Target Support Files/Pods-MoveAround/Pods-MoveAround-frameworks.sh\"\n";
			showEnvVarsInLog = 0;
		};
		8A8AA194A136BF2AA48F8585 /* [CP] Copy Pods Resources */ = {
			isa = PBXShellScriptBuildPhase;
			buildActionMask = 2147483647;
			files = (
			);
			inputPaths = (
				"${SRCROOT}/Pods/Target Support Files/Pods-MoveAround/Pods-MoveAround-resources.sh",
				"${PODS_ROOT}/GooglePlaces/Frameworks/GooglePlaces.framework/Resources/GooglePlaces.bundle",
			);
			name = "[CP] Copy Pods Resources";
			outputPaths = (
				"${TARGET_BUILD_DIR}/${UNLOCALIZED_RESOURCES_FOLDER_PATH}",
			);
			runOnlyForDeploymentPostprocessing = 0;
			shellPath = /bin/sh;
			shellScript = "\"${SRCROOT}/Pods/Target Support Files/Pods-MoveAround/Pods-MoveAround-resources.sh\"\n";
			showEnvVarsInLog = 0;
		};
		E6D63601BE7AA11040AB2D52 /* [CP] Check Pods Manifest.lock */ = {
			isa = PBXShellScriptBuildPhase;
			buildActionMask = 2147483647;
			files = (
			);
			inputPaths = (
				"${PODS_PODFILE_DIR_PATH}/Podfile.lock",
				"${PODS_ROOT}/Manifest.lock",
			);
			name = "[CP] Check Pods Manifest.lock";
			outputPaths = (
				"$(DERIVED_FILE_DIR)/Pods-MoveAroundTests-checkManifestLockResult.txt",
			);
			runOnlyForDeploymentPostprocessing = 0;
			shellPath = /bin/sh;
			shellScript = "diff \"${PODS_PODFILE_DIR_PATH}/Podfile.lock\" \"${PODS_ROOT}/Manifest.lock\" > /dev/null\nif [ $? != 0 ] ; then\n    # print error to STDERR\n    echo \"error: The sandbox is not in sync with the Podfile.lock. Run 'pod install' or update your CocoaPods installation.\" >&2\n    exit 1\nfi\n# This output is used by Xcode 'outputs' to avoid re-running this script phase.\necho \"SUCCESS\" > \"${SCRIPT_OUTPUT_FILE_0}\"\n";
			showEnvVarsInLog = 0;
		};
		F1A715FA9150CBBA98B0664D /* [CP] Check Pods Manifest.lock */ = {
			isa = PBXShellScriptBuildPhase;
			buildActionMask = 2147483647;
			files = (
			);
			inputPaths = (
				"${PODS_PODFILE_DIR_PATH}/Podfile.lock",
				"${PODS_ROOT}/Manifest.lock",
			);
			name = "[CP] Check Pods Manifest.lock";
			outputPaths = (
				"$(DERIVED_FILE_DIR)/Pods-MoveAround-checkManifestLockResult.txt",
			);
			runOnlyForDeploymentPostprocessing = 0;
			shellPath = /bin/sh;
			shellScript = "diff \"${PODS_PODFILE_DIR_PATH}/Podfile.lock\" \"${PODS_ROOT}/Manifest.lock\" > /dev/null\nif [ $? != 0 ] ; then\n    # print error to STDERR\n    echo \"error: The sandbox is not in sync with the Podfile.lock. Run 'pod install' or update your CocoaPods installation.\" >&2\n    exit 1\nfi\n# This output is used by Xcode 'outputs' to avoid re-running this script phase.\necho \"SUCCESS\" > \"${SCRIPT_OUTPUT_FILE_0}\"\n";
			showEnvVarsInLog = 0;
		};
/* End PBXShellScriptBuildPhase section */

/* Begin PBXSourcesBuildPhase section */
		923D86FB1FA2DF91003DD46B /* Sources */ = {
			isa = PBXSourcesBuildPhase;
			buildActionMask = 2147483647;
			files = (
				923167921FA3D91B006BE2CD /* RItineraryTests.swift in Sources */,
				923D87021FA2DF91003DD46B /* MoveAroundTests.swift in Sources */,
				923167801FA2E2D4006BE2CD /* Category.swift in Sources */,
				923167821FA2E327006BE2CD /* InterestSelectionCell.swift in Sources */,
				923167811FA2E2E8006BE2CD /* YelpClient.swift in Sources */,
			);
			runOnlyForDeploymentPostprocessing = 0;
		};
		E4A04C091F8DDB0900E03A19 /* Sources */ = {
			isa = PBXSourcesBuildPhase;
			buildActionMask = 2147483647;
			files = (
				E49418241F99AAE500B5E8F1 /* ItineraryTableViewCell.swift in Sources */,
				E494182F1F9D1C8C00B5E8F1 /* Itinerary.swift in Sources */,
				E49418221F988D9200B5E8F1 /* InfiniteScrollActivityView.swift in Sources */,
				E49418281F99C57000B5E8F1 /* ItineraryViewController.swift in Sources */,
				64920D301F92EB1E00A96D25 /* FloatingPoint.swift in Sources */,
				E494182E1F9D1C8C00B5E8F1 /* User.swift in Sources */,
				64AD1A721F99DEEE00713A3B /* InterestSelectionCell.swift in Sources */,
				64AD1A701F99DE4600713A3B /* InterestSelectionViewController.swift in Sources */,
				64CA810E1F9D5F5000909603 /* MapView.swift in Sources */,
				923167911FA3D915006BE2CD /* RPlace.swift in Sources */,
				64BB8F631F91D1DD00743DDA /* FoursquarePlace.swift in Sources */,
				9231678E1FA3D915006BE2CD /* RItinerary.swift in Sources */,
				923167901FA3D915006BE2CD /* RCategory.swift in Sources */,
				E49418321F9DBF5600B5E8F1 /* GoogleDirectionMatrixClient.swift in Sources */,
				E494182D1F9D1C8C00B5E8F1 /* ViewCategory.swift in Sources */,
				E494181F1F98887400B5E8F1 /* PlacesCollectionViewCell.swift in Sources */,
				E49418201F98887700B5E8F1 /* PlacesListViewController.swift in Sources */,
				64BB8F5B1F91CF4A00743DDA /* PlaceDetailViewController.swift in Sources */,
				64BB8F661F91D9B200743DDA /* Place.swift in Sources */,
				64920D2A1F92B41E00A96D25 /* PlaceViewController.swift in Sources */,
				E4A04C131F8DDB0900E03A19 /* LoginViewController.swift in Sources */,
				644ACFB01F91E424003C5B97 /* YelpClient.swift in Sources */,
				64AD1A6C1F99CB6D00713A3B /* String.swift in Sources */,
				644ACFB11F91E435003C5B97 /* YelpPlace.swift in Sources */,
				64920D2E1F92EA9300A96D25 /* Int.swift in Sources */,
				64CA81141F9D7F4D00909603 /* ItineraryMapViewController.swift in Sources */,
				64920D341F92FFB100A96D25 /* BaseTransition.swift in Sources */,
				E4A04C111F8DDB0900E03A19 /* AppDelegate.swift in Sources */,
				64CA91431F9482A10029C267 /* PreferencesViewController.swift in Sources */,
				64EB2C631F9347E300BF7A33 /* PlaceSwipeableSuperView.swift in Sources */,
				923D86F61FA2CD2D003DD46B /* MARealm.swift in Sources */,
				64AD1A7A1F99EC3D00713A3B /* Category.swift in Sources */,
				E44C11371F9FB691000E1686 /* UIImageView.swift in Sources */,
				64CA91411F9475DB0029C267 /* SignupViewController.swift in Sources */,
				64920D351F92FFB400A96D25 /* FadeTransition.swift in Sources */,
				E49418301F9D1C8C00B5E8F1 /* CategoryItem.swift in Sources */,
				64920D281F92B26900A96D25 /* PlaceSwipeableView.swift in Sources */,
			);
			runOnlyForDeploymentPostprocessing = 0;
		};
/* End PBXSourcesBuildPhase section */

/* Begin PBXTargetDependency section */
		923D87051FA2DF91003DD46B /* PBXTargetDependency */ = {
			isa = PBXTargetDependency;
			target = E4A04C0C1F8DDB0900E03A19 /* MoveAround */;
			targetProxy = 923D87041FA2DF91003DD46B /* PBXContainerItemProxy */;
		};
/* End PBXTargetDependency section */

/* Begin PBXVariantGroup section */
		E494181C1F98879700B5E8F1 /* Itinerary.storyboard */ = {
			isa = PBXVariantGroup;
			children = (
				E494181D1F98879700B5E8F1 /* Base */,
			);
			name = Itinerary.storyboard;
			sourceTree = "<group>";
		};
		E4A04C191F8DDB0A00E03A19 /* LaunchScreen.storyboard */ = {
			isa = PBXVariantGroup;
			children = (
				E4A04C1A1F8DDB0A00E03A19 /* Base */,
			);
			name = LaunchScreen.storyboard;
			sourceTree = "<group>";
		};
/* End PBXVariantGroup section */

/* Begin XCBuildConfiguration section */
		923D87071FA2DF91003DD46B /* Debug */ = {
			isa = XCBuildConfiguration;
			baseConfigurationReference = 47EE1E0B97EB6842CA944C16 /* Pods-MoveAroundTests.debug.xcconfig */;
			buildSettings = {
				BUNDLE_LOADER = "$(TEST_HOST)";
				CODE_SIGN_STYLE = Automatic;
				DEVELOPMENT_TEAM = 8KH6T9A5WW;
				INFOPLIST_FILE = MoveAroundTests/Info.plist;
				LD_RUNPATH_SEARCH_PATHS = "$(inherited) @executable_path/Frameworks @loader_path/Frameworks";
				PRODUCT_BUNDLE_IDENTIFIER = com.wandertap.MoveAroundTests;
				PRODUCT_NAME = "$(TARGET_NAME)";
				SWIFT_VERSION = 4.0;
				TARGETED_DEVICE_FAMILY = "1,2";
				TEST_HOST = "$(BUILT_PRODUCTS_DIR)/MoveAround.app/MoveAround";
			};
			name = Debug;
		};
		923D87081FA2DF91003DD46B /* Release */ = {
			isa = XCBuildConfiguration;
			baseConfigurationReference = 103AFCD8D120934DCF5B010F /* Pods-MoveAroundTests.release.xcconfig */;
			buildSettings = {
				BUNDLE_LOADER = "$(TEST_HOST)";
				CODE_SIGN_STYLE = Automatic;
				DEVELOPMENT_TEAM = 8KH6T9A5WW;
				INFOPLIST_FILE = MoveAroundTests/Info.plist;
				LD_RUNPATH_SEARCH_PATHS = "$(inherited) @executable_path/Frameworks @loader_path/Frameworks";
				PRODUCT_BUNDLE_IDENTIFIER = com.wandertap.MoveAroundTests;
				PRODUCT_NAME = "$(TARGET_NAME)";
				SWIFT_VERSION = 4.0;
				TARGETED_DEVICE_FAMILY = "1,2";
				TEST_HOST = "$(BUILT_PRODUCTS_DIR)/MoveAround.app/MoveAround";
			};
			name = Release;
		};
		E4A04C1D1F8DDB0A00E03A19 /* Debug */ = {
			isa = XCBuildConfiguration;
			buildSettings = {
				ALWAYS_SEARCH_USER_PATHS = NO;
				CLANG_ANALYZER_NONNULL = YES;
				CLANG_ANALYZER_NUMBER_OBJECT_CONVERSION = YES_AGGRESSIVE;
				CLANG_CXX_LANGUAGE_STANDARD = "gnu++14";
				CLANG_CXX_LIBRARY = "libc++";
				CLANG_ENABLE_MODULES = YES;
				CLANG_ENABLE_OBJC_ARC = YES;
				CLANG_WARN_BLOCK_CAPTURE_AUTORELEASING = YES;
				CLANG_WARN_BOOL_CONVERSION = YES;
				CLANG_WARN_COMMA = YES;
				CLANG_WARN_CONSTANT_CONVERSION = YES;
				CLANG_WARN_DIRECT_OBJC_ISA_USAGE = YES_ERROR;
				CLANG_WARN_DOCUMENTATION_COMMENTS = YES;
				CLANG_WARN_EMPTY_BODY = YES;
				CLANG_WARN_ENUM_CONVERSION = YES;
				CLANG_WARN_INFINITE_RECURSION = YES;
				CLANG_WARN_INT_CONVERSION = YES;
				CLANG_WARN_NON_LITERAL_NULL_CONVERSION = YES;
				CLANG_WARN_OBJC_LITERAL_CONVERSION = YES;
				CLANG_WARN_OBJC_ROOT_CLASS = YES_ERROR;
				CLANG_WARN_RANGE_LOOP_ANALYSIS = YES;
				CLANG_WARN_STRICT_PROTOTYPES = YES;
				CLANG_WARN_SUSPICIOUS_MOVE = YES;
				CLANG_WARN_UNGUARDED_AVAILABILITY = YES_AGGRESSIVE;
				CLANG_WARN_UNREACHABLE_CODE = YES;
				CLANG_WARN__DUPLICATE_METHOD_MATCH = YES;
				CODE_SIGN_IDENTITY = "iPhone Developer";
				COPY_PHASE_STRIP = NO;
				DEBUG_INFORMATION_FORMAT = dwarf;
				ENABLE_STRICT_OBJC_MSGSEND = YES;
				ENABLE_TESTABILITY = YES;
				GCC_C_LANGUAGE_STANDARD = gnu11;
				GCC_DYNAMIC_NO_PIC = NO;
				GCC_NO_COMMON_BLOCKS = YES;
				GCC_OPTIMIZATION_LEVEL = 0;
				GCC_PREPROCESSOR_DEFINITIONS = (
					"DEBUG=1",
					"$(inherited)",
				);
				GCC_WARN_64_TO_32_BIT_CONVERSION = YES;
				GCC_WARN_ABOUT_RETURN_TYPE = YES_ERROR;
				GCC_WARN_UNDECLARED_SELECTOR = YES;
				GCC_WARN_UNINITIALIZED_AUTOS = YES_AGGRESSIVE;
				GCC_WARN_UNUSED_FUNCTION = YES;
				GCC_WARN_UNUSED_VARIABLE = YES;
				IPHONEOS_DEPLOYMENT_TARGET = 11.0;
				MTL_ENABLE_DEBUG_INFO = YES;
				ONLY_ACTIVE_ARCH = YES;
				SDKROOT = iphoneos;
				SWIFT_ACTIVE_COMPILATION_CONDITIONS = DEBUG;
				SWIFT_OPTIMIZATION_LEVEL = "-Onone";
			};
			name = Debug;
		};
		E4A04C1E1F8DDB0A00E03A19 /* Release */ = {
			isa = XCBuildConfiguration;
			buildSettings = {
				ALWAYS_SEARCH_USER_PATHS = NO;
				CLANG_ANALYZER_NONNULL = YES;
				CLANG_ANALYZER_NUMBER_OBJECT_CONVERSION = YES_AGGRESSIVE;
				CLANG_CXX_LANGUAGE_STANDARD = "gnu++14";
				CLANG_CXX_LIBRARY = "libc++";
				CLANG_ENABLE_MODULES = YES;
				CLANG_ENABLE_OBJC_ARC = YES;
				CLANG_WARN_BLOCK_CAPTURE_AUTORELEASING = YES;
				CLANG_WARN_BOOL_CONVERSION = YES;
				CLANG_WARN_COMMA = YES;
				CLANG_WARN_CONSTANT_CONVERSION = YES;
				CLANG_WARN_DIRECT_OBJC_ISA_USAGE = YES_ERROR;
				CLANG_WARN_DOCUMENTATION_COMMENTS = YES;
				CLANG_WARN_EMPTY_BODY = YES;
				CLANG_WARN_ENUM_CONVERSION = YES;
				CLANG_WARN_INFINITE_RECURSION = YES;
				CLANG_WARN_INT_CONVERSION = YES;
				CLANG_WARN_NON_LITERAL_NULL_CONVERSION = YES;
				CLANG_WARN_OBJC_LITERAL_CONVERSION = YES;
				CLANG_WARN_OBJC_ROOT_CLASS = YES_ERROR;
				CLANG_WARN_RANGE_LOOP_ANALYSIS = YES;
				CLANG_WARN_STRICT_PROTOTYPES = YES;
				CLANG_WARN_SUSPICIOUS_MOVE = YES;
				CLANG_WARN_UNGUARDED_AVAILABILITY = YES_AGGRESSIVE;
				CLANG_WARN_UNREACHABLE_CODE = YES;
				CLANG_WARN__DUPLICATE_METHOD_MATCH = YES;
				CODE_SIGN_IDENTITY = "iPhone Developer";
				COPY_PHASE_STRIP = NO;
				DEBUG_INFORMATION_FORMAT = "dwarf-with-dsym";
				ENABLE_NS_ASSERTIONS = NO;
				ENABLE_STRICT_OBJC_MSGSEND = YES;
				GCC_C_LANGUAGE_STANDARD = gnu11;
				GCC_NO_COMMON_BLOCKS = YES;
				GCC_WARN_64_TO_32_BIT_CONVERSION = YES;
				GCC_WARN_ABOUT_RETURN_TYPE = YES_ERROR;
				GCC_WARN_UNDECLARED_SELECTOR = YES;
				GCC_WARN_UNINITIALIZED_AUTOS = YES_AGGRESSIVE;
				GCC_WARN_UNUSED_FUNCTION = YES;
				GCC_WARN_UNUSED_VARIABLE = YES;
				IPHONEOS_DEPLOYMENT_TARGET = 11.0;
				MTL_ENABLE_DEBUG_INFO = NO;
				SDKROOT = iphoneos;
				SWIFT_OPTIMIZATION_LEVEL = "-Owholemodule";
				VALIDATE_PRODUCT = YES;
			};
			name = Release;
		};
		E4A04C201F8DDB0A00E03A19 /* Debug */ = {
			isa = XCBuildConfiguration;
			baseConfigurationReference = 0705ECB261E0D01932CF31E7 /* Pods-MoveAround.debug.xcconfig */;
			buildSettings = {
				ASSETCATALOG_COMPILER_APPICON_NAME = AppIcon;
				CODE_SIGN_STYLE = Automatic;
				DEVELOPMENT_TEAM = 8KH6T9A5WW;
				FRAMEWORK_SEARCH_PATHS = (
					"$(inherited)",
					"$(SRCROOT)",
				);
				"FRAMEWORK_SEARCH_PATHS[arch=*]" = "$(inherited)";
				INFOPLIST_FILE = MoveAround/Info.plist;
				LD_RUNPATH_SEARCH_PATHS = "$(inherited) @executable_path/Frameworks";
				PRODUCT_BUNDLE_IDENTIFIER = com.movearound.MoveAround;
				PRODUCT_NAME = "$(TARGET_NAME)";
				SWIFT_VERSION = 4.0;
				TARGETED_DEVICE_FAMILY = "1,2";
			};
			name = Debug;
		};
		E4A04C211F8DDB0A00E03A19 /* Release */ = {
			isa = XCBuildConfiguration;
			baseConfigurationReference = 9EED0E77467F7BEFE61E20D5 /* Pods-MoveAround.release.xcconfig */;
			buildSettings = {
				ASSETCATALOG_COMPILER_APPICON_NAME = AppIcon;
				CODE_SIGN_STYLE = Automatic;
				DEVELOPMENT_TEAM = 8KH6T9A5WW;
				INFOPLIST_FILE = MoveAround/Info.plist;
				LD_RUNPATH_SEARCH_PATHS = "$(inherited) @executable_path/Frameworks";
				PRODUCT_BUNDLE_IDENTIFIER = com.movearound.MoveAround;
				PRODUCT_NAME = "$(TARGET_NAME)";
				SWIFT_VERSION = 4.0;
				TARGETED_DEVICE_FAMILY = "1,2";
			};
			name = Release;
		};
/* End XCBuildConfiguration section */

/* Begin XCConfigurationList section */
		923D87061FA2DF91003DD46B /* Build configuration list for PBXNativeTarget "MoveAroundTests" */ = {
			isa = XCConfigurationList;
			buildConfigurations = (
				923D87071FA2DF91003DD46B /* Debug */,
				923D87081FA2DF91003DD46B /* Release */,
			);
			defaultConfigurationIsVisible = 0;
			defaultConfigurationName = Release;
		};
		E4A04C081F8DDB0900E03A19 /* Build configuration list for PBXProject "MoveAround" */ = {
			isa = XCConfigurationList;
			buildConfigurations = (
				E4A04C1D1F8DDB0A00E03A19 /* Debug */,
				E4A04C1E1F8DDB0A00E03A19 /* Release */,
			);
			defaultConfigurationIsVisible = 0;
			defaultConfigurationName = Release;
		};
		E4A04C1F1F8DDB0A00E03A19 /* Build configuration list for PBXNativeTarget "MoveAround" */ = {
			isa = XCConfigurationList;
			buildConfigurations = (
				E4A04C201F8DDB0A00E03A19 /* Debug */,
				E4A04C211F8DDB0A00E03A19 /* Release */,
			);
			defaultConfigurationIsVisible = 0;
			defaultConfigurationName = Release;
		};
/* End XCConfigurationList section */
	};
	rootObject = E4A04C051F8DDB0900E03A19 /* Project object */;
}
